
Microsoft Visual Studio Solution File, Format Version 12.00
# Visual Studio Version 17
VisualStudioVersion = 17.1.32421.90
MinimumVisualStudioVersion = 10.0.40219.1
Project("{FAE04EC0-301F-11D3-BF4B-00C04F79EFBC}") = "LibreriaAlmacen", "LibreriaAlmacen\LibreriaAlmacen.csproj", "{BE82F06F-1E1B-4F37-8E2D-3F3D5A53DC2E}"
EndProject
Global
	GlobalSection(SolutionConfigurationPlatforms) = preSolution
		Debug|Any CPU = Debug|Any CPU
		Release|Any CPU = Release|Any CPU
	EndGlobalSection
	GlobalSection(ProjectConfigurationPlatforms) = postSolution
		{BE82F06F-1E1B-4F37-8E2D-3F3D5A53DC2E}.Debug|Any CPU.ActiveCfg = Debug|Any CPU
		{BE82F06F-1E1B-4F37-8E2D-3F3D5A53DC2E}.Debug|Any CPU.Build.0 = Debug|Any CPU
		{BE82F06F-1E1B-4F37-8E2D-3F3D5A53DC2E}.Release|Any CPU.ActiveCfg = Release|Any CPU
		{BE82F06F-1E1B-4F37-8E2D-3F3D5A53DC2E}.Release|Any CPU.Build.0 = Release|Any CPU
	EndGlobalSection
	GlobalSection(SolutionProperties) = preSolution
		HideSolutionNode = FALSE
	EndGlobalSection
	GlobalSection(ExtensibilityGlobals) = postSolution
		SolutionGuid = {E9506651-97A2-4570-8B6F-803E56F50BD5}
	EndGlobalSection
EndGlobal
